
Microsoft Visual Studio Solution File, Format Version 12.00
# Visual Studio Version 17
VisualStudioVersion = 17.9.34902.65
MinimumVisualStudioVersion = 10.0.40219.1
Project("{FAE04EC0-301F-11D3-BF4B-00C04F79EFBC}") = "Kiss.Decorators", "Kiss.Decorators\Kiss.Decorators.csproj", "{E78E442A-6DD2-4294-971F-616ACBDDBE0C}"
EndProject
Global
	GlobalSection(SolutionConfigurationPlatforms) = preSolution
		Debug|Any CPU = Debug|Any CPU
		Release|Any CPU = Release|Any CPU
	EndGlobalSection
	GlobalSection(ProjectConfigurationPlatforms) = postSolution
		{E78E442A-6DD2-4294-971F-616ACBDDBE0C}.Debug|Any CPU.ActiveCfg = Debug|Any CPU
		{E78E442A-6DD2-4294-971F-616ACBDDBE0C}.Debug|Any CPU.Build.0 = Debug|Any CPU
		{E78E442A-6DD2-4294-971F-616ACBDDBE0C}.Release|Any CPU.ActiveCfg = Release|Any CPU
		{E78E442A-6DD2-4294-971F-616ACBDDBE0C}.Release|Any CPU.Build.0 = Release|Any CPU
	EndGlobalSection
	GlobalSection(SolutionProperties) = preSolution
		HideSolutionNode = FALSE
	EndGlobalSection
	GlobalSection(ExtensibilityGlobals) = postSolution
		SolutionGuid = {732172FB-75F8-4F1A-8A8C-0B4049B059C1}
	EndGlobalSection
EndGlobal
